
Microsoft Visual Studio Solution File, Format Version 12.00
# Visual Studio Version 16
VisualStudioVersion = 16.0.809.3
MinimumVisualStudioVersion = 10.0.40219.1
Project("{FAE04EC0-301F-11D3-BF4B-00C04F79EFBC}") = "Pessoa", "Pessoa\Pessoa.csproj", "{07B76A65-F2D3-48FA-B71A-E560A3B1A4F6}"
EndProject
Project("{E53339B2-1760-4266-BCC7-CA923CBCF16C}") = "docker-compose", "docker-compose.dcproj", "{FB3BB041-7F03-4523-A132-C8AF3D69F4A7}"
EndProject
Global
	GlobalSection(SolutionConfigurationPlatforms) = preSolution
		Debug|Any CPU = Debug|Any CPU
		Release|Any CPU = Release|Any CPU
	EndGlobalSection
	GlobalSection(ProjectConfigurationPlatforms) = postSolution
		{07B76A65-F2D3-48FA-B71A-E560A3B1A4F6}.Debug|Any CPU.ActiveCfg = Debug|Any CPU
		{07B76A65-F2D3-48FA-B71A-E560A3B1A4F6}.Debug|Any CPU.Build.0 = Debug|Any CPU
		{07B76A65-F2D3-48FA-B71A-E560A3B1A4F6}.Release|Any CPU.ActiveCfg = Release|Any CPU
		{07B76A65-F2D3-48FA-B71A-E560A3B1A4F6}.Release|Any CPU.Build.0 = Release|Any CPU
		{FB3BB041-7F03-4523-A132-C8AF3D69F4A7}.Debug|Any CPU.ActiveCfg = Debug|Any CPU
		{FB3BB041-7F03-4523-A132-C8AF3D69F4A7}.Debug|Any CPU.Build.0 = Debug|Any CPU
		{FB3BB041-7F03-4523-A132-C8AF3D69F4A7}.Release|Any CPU.ActiveCfg = Release|Any CPU
		{FB3BB041-7F03-4523-A132-C8AF3D69F4A7}.Release|Any CPU.Build.0 = Release|Any CPU
	EndGlobalSection
	GlobalSection(SolutionProperties) = preSolution
		HideSolutionNode = FALSE
	EndGlobalSection
	GlobalSection(ExtensibilityGlobals) = postSolution
		SolutionGuid = {A01C4A12-3A0A-4876-AAE0-1AD44B8C5183}
	EndGlobalSection
EndGlobal
